# Reviewed runtime inputs for an FHE-Privacy release.
#
# Replace every placeholder only after compatibility, checksum/digest, sealed-mode, and E2E
# verification. Never resolve "latest" or a mutable development tag during installation.

schema_version = 1

[openshell]
source = "release"
version = "0.0.80"
source_commit = "709aa0fe3e9e4d2b5fea336b5d6e393b45481898"

[openshell.local]
linux_amd64_sha256 = "e06ac01e7527b4aadeed549265850a197f3d7ed9347f8ba476a062f10d274611"
linux_arm64_sha256 = "UNVALIDATED"
macos_arm64_sha256 = "UNVALIDATED"

[openshell.containers]
gateway_image = "UNVALIDATED"
supervisor_image = "UNVALIDATED"

[openshell.kubernetes]
chart = "oci://ghcr.io/nvidia/openshell/helm-chart"
chart_version = "UNVALIDATED"
chart_digest = "UNVALIDATED"

[hermes]
image = "UNVALIDATED"
